
Microsoft Visual Studio Solution File, Format Version 12.00
# Visual Studio Version 16
VisualStudioVersion = 16.0.31025.218
MinimumVisualStudioVersion = 10.0.40219.1
Project("{9A19103F-16F7-4668-BE54-9A1E7A4F7556}") = "Sessions", "Sessions\Sessions.csproj", "{D5EBB3BC-48FA-4F51-970F-736611990457}"
EndProject
Project("{9A19103F-16F7-4668-BE54-9A1E7A4F7556}") = "Scenarios", "Runner\Scenarios.csproj", "{C14F0AC1-B4AF-4607-8FBB-343352F55531}"
EndProject
Global
	GlobalSection(SolutionConfigurationPlatforms) = preSolution
		Debug|Any CPU = Debug|Any CPU
		Release|Any CPU = Release|Any CPU
	EndGlobalSection
	GlobalSection(ProjectConfigurationPlatforms) = postSolution
		{D5EBB3BC-48FA-4F51-970F-736611990457}.Debug|Any CPU.ActiveCfg = Debug|Any CPU
		{D5EBB3BC-48FA-4F51-970F-736611990457}.Debug|Any CPU.Build.0 = Debug|Any CPU
		{D5EBB3BC-48FA-4F51-970F-736611990457}.Release|Any CPU.ActiveCfg = Release|Any CPU
		{D5EBB3BC-48FA-4F51-970F-736611990457}.Release|Any CPU.Build.0 = Release|Any CPU
		{C14F0AC1-B4AF-4607-8FBB-343352F55531}.Debug|Any CPU.ActiveCfg = Debug|Any CPU
		{C14F0AC1-B4AF-4607-8FBB-343352F55531}.Debug|Any CPU.Build.0 = Debug|Any CPU
		{C14F0AC1-B4AF-4607-8FBB-343352F55531}.Release|Any CPU.ActiveCfg = Release|Any CPU
		{C14F0AC1-B4AF-4607-8FBB-343352F55531}.Release|Any CPU.Build.0 = Release|Any CPU
	EndGlobalSection
	GlobalSection(SolutionProperties) = preSolution
		HideSolutionNode = FALSE
	EndGlobalSection
	GlobalSection(ExtensibilityGlobals) = postSolution
		SolutionGuid = {3882A75F-26DB-4718-ABC9-2EDA58DC7EA8}
	EndGlobalSection
EndGlobal
